{
  "version": 1,
  "dependencies": {
    "net9.0-windows10.0.19041": {
      "Epoxy.Wpf": {
        "type": "Direct",
        "requested": "[1.16.0, )",
        "resolved": "1.16.0",
        "contentHash": "P+NRy/bq8COqNF4dFm8IbAKPiOJvqpwIBOaPg3VkHsLYnsU+boxnIHgRdwA1dZ5o4fQOWkY/r3nuUE1yS8+rog==",
        "dependencies": {
          "Epoxy.Build": "1.16.0",
          "Epoxy.Core.Wpf": "1.16.0"
        }
      },
      "ILRepack.Lib.MSBuild.Task": {
        "type": "Direct",
        "requested": "[2.0.43, )",
        "resolved": "2.0.43",
        "contentHash": "7oa+HoI7vwiPXzY6HVbMvUevr5Tn6ONoRRSHxRDW71hF8rFhLWQCCbgN9NWXUHhYJmKflv8Xgl4Jr4BFFpq1Gw=="
      },
      "MinVer": {
        "type": "Direct",
        "requested": "[6.0.0, )",
        "resolved": "6.0.0",
        "contentHash": "+/SsmiySsXJlvQLCGBqaZKNVt3s/Y/HbAdwtop7Km2CnuZbaScoqkWJEBQ5Cy9ebkn6kCYKrHsXgwrFdTgcb3g=="
      },
      "Epoxy.Build": {
        "type": "Transitive",
        "resolved": "1.16.0",
        "contentHash": "PNvp8mptRJRD/00psJEArvX2D6njofPVSqWrJlTgU3r2s1Kpauv4+GcO1Mg7AwXdbRqKtzXVSey7Xo/CGgU64g=="
      },
      "Epoxy.Core.Wpf": {
        "type": "Transitive",
        "resolved": "1.16.0",
        "contentHash": "uPRuKQMPqrq+H2OS+oiIEGlQ9gKp+r1xVYm/kDl5J5X1VBiGfSkXQdYimnWtRGVeuZMkMQYcv2pDNlxTBqfbCg=="
      }
    }
  }
}